
Microsoft Visual Studio Solution File, Format Version 12.00
# Visual Studio Version 17
VisualStudioVersion = 17.0.31717.71
MinimumVisualStudioVersion = 10.0.40219.1
Project("{FAE04EC0-301F-11D3-BF4B-00C04F79EFBC}") = "BowsFormulaOne.Server", "BowsFormulaOne\Server\BowsFormulaOne.Server.csproj", "{D12D0A80-6B14-40E8-88A2-D6DD10C35820}"
EndProject
Project("{FAE04EC0-301F-11D3-BF4B-00C04F79EFBC}") = "BowsFormulaOne.Client", "BowsFormulaOne\Client\BowsFormulaOne.Client.csproj", "{CD7BB1F9-1D93-4F49-BE3F-34ED1A2308EC}"
EndProject
Project("{FAE04EC0-301F-11D3-BF4B-00C04F79EFBC}") = "BowsFormulaOne.Shared", "BowsFormulaOne\Shared\BowsFormulaOne.Shared.csproj", "{56F7B386-24AF-4AD1-BEEA-C5D66BE6A0F1}"
EndProject
Project("{FAE04EC0-301F-11D3-BF4B-00C04F79EFBC}") = "Tests", "Tests\Tests.csproj", "{58C21545-6159-4D15-8DDF-70805BE23011}"
EndProject
Global
	GlobalSection(SolutionConfigurationPlatforms) = preSolution
		Debug|Any CPU = Debug|Any CPU
		Release|Any CPU = Release|Any CPU
	EndGlobalSection
	GlobalSection(ProjectConfigurationPlatforms) = postSolution
		{D12D0A80-6B14-40E8-88A2-D6DD10C35820}.Debug|Any CPU.ActiveCfg = Debug|Any CPU
		{D12D0A80-6B14-40E8-88A2-D6DD10C35820}.Debug|Any CPU.Build.0 = Debug|Any CPU
		{D12D0A80-6B14-40E8-88A2-D6DD10C35820}.Release|Any CPU.ActiveCfg = Release|Any CPU
		{D12D0A80-6B14-40E8-88A2-D6DD10C35820}.Release|Any CPU.Build.0 = Release|Any CPU
		{CD7BB1F9-1D93-4F49-BE3F-34ED1A2308EC}.Debug|Any CPU.ActiveCfg = Debug|Any CPU
		{CD7BB1F9-1D93-4F49-BE3F-34ED1A2308EC}.Debug|Any CPU.Build.0 = Debug|Any CPU
		{CD7BB1F9-1D93-4F49-BE3F-34ED1A2308EC}.Release|Any CPU.ActiveCfg = Release|Any CPU
		{CD7BB1F9-1D93-4F49-BE3F-34ED1A2308EC}.Release|Any CPU.Build.0 = Release|Any CPU
		{56F7B386-24AF-4AD1-BEEA-C5D66BE6A0F1}.Debug|Any CPU.ActiveCfg = Debug|Any CPU
		{56F7B386-24AF-4AD1-BEEA-C5D66BE6A0F1}.Debug|Any CPU.Build.0 = Debug|Any CPU
		{56F7B386-24AF-4AD1-BEEA-C5D66BE6A0F1}.Release|Any CPU.ActiveCfg = Release|Any CPU
		{56F7B386-24AF-4AD1-BEEA-C5D66BE6A0F1}.Release|Any CPU.Build.0 = Release|Any CPU
		{58C21545-6159-4D15-8DDF-70805BE23011}.Debug|Any CPU.ActiveCfg = Debug|Any CPU
		{58C21545-6159-4D15-8DDF-70805BE23011}.Debug|Any CPU.Build.0 = Debug|Any CPU
		{58C21545-6159-4D15-8DDF-70805BE23011}.Release|Any CPU.ActiveCfg = Release|Any CPU
		{58C21545-6159-4D15-8DDF-70805BE23011}.Release|Any CPU.Build.0 = Release|Any CPU
	EndGlobalSection
	GlobalSection(SolutionProperties) = preSolution
		HideSolutionNode = FALSE
	EndGlobalSection
	GlobalSection(ExtensibilityGlobals) = postSolution
		SolutionGuid = {EDFC5139-60C3-4D7D-BCAB-FA114AD934FF}
	EndGlobalSection
EndGlobal
